
Microsoft Visual Studio Solution File, Format Version 12.00
# Visual Studio Version 17
VisualStudioVersion = 17.1.32421.90
MinimumVisualStudioVersion = 10.0.40219.1
Project("{FAE04EC0-301F-11D3-BF4B-00C04F79EFBC}") = "LicensesSystem", "LicensesSystem.csproj", "{196C5EA7-6349-406B-A2A6-1B2162B1A642}"
EndProject
Global
	GlobalSection(SolutionConfigurationPlatforms) = preSolution
		Debug|Any CPU = Debug|Any CPU
		Release|Any CPU = Release|Any CPU
	EndGlobalSection
	GlobalSection(ProjectConfigurationPlatforms) = postSolution
		{196C5EA7-6349-406B-A2A6-1B2162B1A642}.Debug|Any CPU.ActiveCfg = Debug|Any CPU
		{196C5EA7-6349-406B-A2A6-1B2162B1A642}.Debug|Any CPU.Build.0 = Debug|Any CPU
		{196C5EA7-6349-406B-A2A6-1B2162B1A642}.Release|Any CPU.ActiveCfg = Release|Any CPU
		{196C5EA7-6349-406B-A2A6-1B2162B1A642}.Release|Any CPU.Build.0 = Release|Any CPU
	EndGlobalSection
	GlobalSection(SolutionProperties) = preSolution
		HideSolutionNode = FALSE
	EndGlobalSection
	GlobalSection(ExtensibilityGlobals) = postSolution
		SolutionGuid = {CC8BDEFD-D1C1-4BA1-81AD-812CCC289240}
	EndGlobalSection
EndGlobal
